
Microsoft Visual Studio Solution File, Format Version 12.00
# Visual Studio 15
VisualStudioVersion = 15.0.26430.13
MinimumVisualStudioVersion = 10.0.40219.1
Project("{FAE04EC0-301F-11D3-BF4B-00C04F79EFBC}") = "ArkApp", "ArkApp\ArkApp.csproj", "{26D8DB35-A226-404B-BA6C-10819D3BA3B5}"
EndProject
Project("{FAE04EC0-301F-11D3-BF4B-00C04F79EFBC}") = "ArkApp.Tests", "ArkApp.Tests\ArkApp.Tests.csproj", "{1DE86D4A-E738-4D97-BBC8-5FAA375A05C9}"
EndProject
Global
	GlobalSection(SolutionConfigurationPlatforms) = preSolution
		Debug|Any CPU = Debug|Any CPU
		Release|Any CPU = Release|Any CPU
	EndGlobalSection
	GlobalSection(ProjectConfigurationPlatforms) = postSolution
		{26D8DB35-A226-404B-BA6C-10819D3BA3B5}.Debug|Any CPU.ActiveCfg = Debug|Any CPU
		{26D8DB35-A226-404B-BA6C-10819D3BA3B5}.Debug|Any CPU.Build.0 = Debug|Any CPU
		{26D8DB35-A226-404B-BA6C-10819D3BA3B5}.Release|Any CPU.ActiveCfg = Release|Any CPU
		{26D8DB35-A226-404B-BA6C-10819D3BA3B5}.Release|Any CPU.Build.0 = Release|Any CPU
		{1DE86D4A-E738-4D97-BBC8-5FAA375A05C9}.Debug|Any CPU.ActiveCfg = Debug|Any CPU
		{1DE86D4A-E738-4D97-BBC8-5FAA375A05C9}.Debug|Any CPU.Build.0 = Debug|Any CPU
		{1DE86D4A-E738-4D97-BBC8-5FAA375A05C9}.Release|Any CPU.ActiveCfg = Release|Any CPU
		{1DE86D4A-E738-4D97-BBC8-5FAA375A05C9}.Release|Any CPU.Build.0 = Release|Any CPU
	EndGlobalSection
	GlobalSection(SolutionProperties) = preSolution
		HideSolutionNode = FALSE
	EndGlobalSection
EndGlobal
